// !$*UTF8*$!
{
	archiveVersion = 1;
	classes = {
	};
	objectVersion = 56;
	objects = {

/* Begin PBXBuildFile section */
		C284874B2A79526600210E68 /* AppDelegate.swift in Sources */ = {isa = PBXBuildFile; fileRef = C284874A2A79526600210E68 /* AppDelegate.swift */; };
		C284874D2A79526600210E68 /* ViewController.swift in Sources */ = {isa = PBXBuildFile; fileRef = C284874C2A79526600210E68 /* ViewController.swift */; };
		C284874F2A79526800210E68 /* Assets.xcassets in Resources */ = {isa = PBXBuildFile; fileRef = C284874E2A79526800210E68 /* Assets.xcassets */; };
		C28487522A79526800210E68 /* Main.storyboard in Resources */ = {isa = PBXBuildFile; fileRef = C28487502A79526800210E68 /* Main.storyboard */; };
		C284875C2A79532300210E68 /* DemoSheetView.swift in Sources */ = {isa = PBXBuildFile; fileRef = C284875B2A79532300210E68 /* DemoSheetView.swift */; };
		C284875F2A79706D00210E68 /* SwiftUIViews.swift in Sources */ = {isa = PBXBuildFile; fileRef = C284875E2A79706D00210E68 /* SwiftUIViews.swift */; };
		C28487612A7970BB00210E68 /* SwiftUIViewPresentationType.swift in Sources */ = {isa = PBXBuildFile; fileRef = C28487602A7970BB00210E68 /* SwiftUIViewPresentationType.swift */; };
		C28487632A7970DE00210E68 /* NSViewController+Present.swift in Sources */ = {isa = PBXBuildFile; fileRef = C28487622A7970DE00210E68 /* NSViewController+Present.swift */; };
/* End PBXBuildFile section */

/* Begin PBXFileReference section */
		C28487472A79526600210E68 /* SwiftUIViewLauncher.app */ = {isa = PBXFileReference; explicitFileType = wrapper.application; includeInIndex = 0; path = SwiftUIViewLauncher.app; sourceTree = BUILT_PRODUCTS_DIR; };
		C284874A2A79526600210E68 /* AppDelegate.swift */ = {isa = PBXFileReference; lastKnownFileType = sourcecode.swift; path = AppDelegate.swift; sourceTree = "<group>"; };
		C284874C2A79526600210E68 /* ViewController.swift */ = {isa = PBXFileReference; lastKnownFileType = sourcecode.swift; path = ViewController.swift; sourceTree = "<group>"; };
		C284874E2A79526800210E68 /* Assets.xcassets */ = {isa = PBXFileReference; lastKnownFileType = folder.assetcatalog; path = Assets.xcassets; sourceTree = "<group>"; };
		C28487512A79526800210E68 /* Base */ = {isa = PBXFileReference; lastKnownFileType = file.storyboard; name = Base; path = Base.lproj/Main.storyboard; sourceTree = "<group>"; };
		C28487532A79526800210E68 /* SwiftUIViewLauncher.entitlements */ = {isa = PBXFileReference; lastKnownFileType = text.plist.entitlements; path = SwiftUIViewLauncher.entitlements; sourceTree = "<group>"; };
		C284875B2A79532300210E68 /* DemoSheetView.swift */ = {isa = PBXFileReference; lastKnownFileType = sourcecode.swift; path = DemoSheetView.swift; sourceTree = "<group>"; };
		C284875E2A79706D00210E68 /* SwiftUIViews.swift */ = {isa = PBXFileReference; lastKnownFileType = sourcecode.swift; path = SwiftUIViews.swift; sourceTree = "<group>"; };
		C28487602A7970BB00210E68 /* SwiftUIViewPresentationType.swift */ = {isa = PBXFileReference; lastKnownFileType = sourcecode.swift; path = SwiftUIViewPresentationType.swift; sourceTree = "<group>"; };
		C28487622A7970DE00210E68 /* NSViewController+Present.swift */ = {isa = PBXFileReference; lastKnownFileType = sourcecode.swift; path = "NSViewController+Present.swift"; sourceTree = "<group>"; };
/* End PBXFileReference section */

/* Begin PBXFrameworksBuildPhase section */
		C28487442A79526600210E68 /* Frameworks */ = {
			isa = PBXFrameworksBuildPhase;
			buildActionMask = 2147483647;
			files = (
			);
			runOnlyForDeploymentPostprocessing = 0;
		};
/* End PBXFrameworksBuildPhase section */

/* Begin PBXGroup section */
		C284873E2A79526600210E68 = {
			isa = PBXGroup;
			children = (
				C28487492A79526600210E68 /* SwiftUIViewLauncher */,
				C28487482A79526600210E68 /* Products */,
			);
			sourceTree = "<group>";
		};
		C28487482A79526600210E68 /* Products */ = {
			isa = PBXGroup;
			children = (
				C28487472A79526600210E68 /* SwiftUIViewLauncher.app */,
			);
			name = Products;
			sourceTree = "<group>";
		};
		C28487492A79526600210E68 /* SwiftUIViewLauncher */ = {
			isa = PBXGroup;
			children = (
				C284874A2A79526600210E68 /* AppDelegate.swift */,
				C284874C2A79526600210E68 /* ViewController.swift */,
				C284875B2A79532300210E68 /* DemoSheetView.swift */,
				C284875D2A79704700210E68 /* SwiftUIViews */,
				C284874E2A79526800210E68 /* Assets.xcassets */,
				C28487502A79526800210E68 /* Main.storyboard */,
				C28487532A79526800210E68 /* SwiftUIViewLauncher.entitlements */,
			);
			path = SwiftUIViewLauncher;
			sourceTree = "<group>";
		};
		C284875D2A79704700210E68 /* SwiftUIViews */ = {
			isa = PBXGroup;
			children = (
				C284875E2A79706D00210E68 /* SwiftUIViews.swift */,
				C28487602A7970BB00210E68 /* SwiftUIViewPresentationType.swift */,
				C28487622A7970DE00210E68 /* NSViewController+Present.swift */,
			);
			path = SwiftUIViews;
			sourceTree = "<group>";
		};
/* End PBXGroup section */

/* Begin PBXNativeTarget section */
		C28487462A79526600210E68 /* SwiftUIViewLauncher */ = {
			isa = PBXNativeTarget;
			buildConfigurationList = C28487562A79526800210E68 /* Build configuration list for PBXNativeTarget "SwiftUIViewLauncher" */;
			buildPhases = (
				C28487432A79526600210E68 /* Sources */,
				C28487442A79526600210E68 /* Frameworks */,
				C28487452A79526600210E68 /* Resources */,
			);
			buildRules = (
			);
			dependencies = (
			);
			name = SwiftUIViewLauncher;
			productName = SwiftUIViewLauncher;
			productReference = C28487472A79526600210E68 /* SwiftUIViewLauncher.app */;
			productType = "com.apple.product-type.application";
		};
/* End PBXNativeTarget section */

/* Begin PBXProject section */
		C284873F2A79526600210E68 /* Project object */ = {
			isa = PBXProject;
			attributes = {
				BuildIndependentTargetsInParallel = 1;
				LastSwiftUpdateCheck = 1430;
				LastUpgradeCheck = 1430;
				TargetAttributes = {
					C28487462A79526600210E68 = {
						CreatedOnToolsVersion = 14.3.1;
					};
				};
			};
			buildConfigurationList = C28487422A79526600210E68 /* Build configuration list for PBXProject "SwiftUIViewLauncher" */;
			compatibilityVersion = "Xcode 14.0";
			developmentRegion = en;
			hasScannedForEncodings = 0;
			knownRegions = (
				en,
				Base,
			);
			mainGroup = C284873E2A79526600210E68;
			productRefGroup = C28487482A79526600210E68 /* Products */;
			projectDirPath = "";
			projectRoot = "";
			targets = (
				C28487462A79526600210E68 /* SwiftUIViewLauncher */,
			);
		};
/* End PBXProject section */

/* Begin PBXResourcesBuildPhase section */
		C28487452A79526600210E68 /* Resources */ = {
			isa = PBXResourcesBuildPhase;
			buildActionMask = 2147483647;
			files = (
				C284874F2A79526800210E68 /* Assets.xcassets in Resources */,
				C28487522A79526800210E68 /* Main.storyboard in Resources */,
			);
			runOnlyForDeploymentPostprocessing = 0;
		};
/* End PBXResourcesBuildPhase section */

/* Begin PBXSourcesBuildPhase section */
		C28487432A79526600210E68 /* Sources */ = {
			isa = PBXSourcesBuildPhase;
			buildActionMask = 2147483647;
			files = (
				C284874D2A79526600210E68 /* ViewController.swift in Sources */,
				C28487632A7970DE00210E68 /* NSViewController+Present.swift in Sources */,
				C284875C2A79532300210E68 /* DemoSheetView.swift in Sources */,
				C284875F2A79706D00210E68 /* SwiftUIViews.swift in Sources */,
				C28487612A7970BB00210E68 /* SwiftUIViewPresentationType.swift in Sources */,
				C284874B2A79526600210E68 /* AppDelegate.swift in Sources */,
			);
			runOnlyForDeploymentPostprocessing = 0;
		};
/* End PBXSourcesBuildPhase section */

/* Begin PBXVariantGroup section */
		C28487502A79526800210E68 /* Main.storyboard */ = {
			isa = PBXVariantGroup;
			children = (
				C28487512A79526800210E68 /* Base */,
			);
			name = Main.storyboard;
			sourceTree = "<group>";
		};
/* End PBXVariantGroup section */

/* Begin XCBuildConfiguration section */
		C28487542A79526800210E68 /* Debug */ = {
			isa = XCBuildConfiguration;
			buildSettings = {
				ALWAYS_SEARCH_USER_PATHS = NO;
				CLANG_ANALYZER_NONNULL = YES;
				CLANG_ANALYZER_NUMBER_OBJECT_CONVERSION = YES_AGGRESSIVE;
				CLANG_CXX_LANGUAGE_STANDARD = "gnu++20";
				CLANG_ENABLE_MODULES = YES;
				CLANG_ENABLE_OBJC_ARC = YES;
				CLANG_ENABLE_OBJC_WEAK = YES;
				CLANG_WARN_BLOCK_CAPTURE_AUTORELEASING = YES;
				CLANG_WARN_BOOL_CONVERSION = YES;
				CLANG_WARN_COMMA = YES;
				CLANG_WARN_CONSTANT_CONVERSION = YES;
				CLANG_WARN_DEPRECATED_OBJC_IMPLEMENTATIONS = YES;
				CLANG_WARN_DIRECT_OBJC_ISA_USAGE = YES_ERROR;
				CLANG_WARN_DOCUMENTATION_COMMENTS = YES;
				CLANG_WARN_EMPTY_BODY = YES;
				CLANG_WARN_ENUM_CONVERSION = YES;
				CLANG_WARN_INFINITE_RECURSION = YES;
				CLANG_WARN_INT_CONVERSION = YES;
				CLANG_WARN_NON_LITERAL_NULL_CONVERSION = YES;
				CLANG_WARN_OBJC_IMPLICIT_RETAIN_SELF = YES;
				CLANG_WARN_OBJC_LITERAL_CONVERSION = YES;
				CLANG_WARN_OBJC_ROOT_CLASS = YES_ERROR;
				CLANG_WARN_QUOTED_INCLUDE_IN_FRAMEWORK_HEADER = YES;
				CLANG_WARN_RANGE_LOOP_ANALYSIS = YES;
				CLANG_WARN_STRICT_PROTOTYPES = YES;
				CLANG_WARN_SUSPICIOUS_MOVE = YES;
				CLANG_WARN_UNGUARDED_AVAILABILITY = YES_AGGRESSIVE;
				CLANG_WARN_UNREACHABLE_CODE = YES;
				CLANG_WARN__DUPLICATE_METHOD_MATCH = YES;
				COPY_PHASE_STRIP = NO;
				DEBUG_INFORMATION_FORMAT = dwarf;
				ENABLE_STRICT_OBJC_MSGSEND = YES;
				ENABLE_TESTABILITY = YES;
				GCC_C_LANGUAGE_STANDARD = gnu11;
				GCC_DYNAMIC_NO_PIC = NO;
				GCC_NO_COMMON_BLOCKS = YES;
				GCC_OPTIMIZATION_LEVEL = 0;
				GCC_PREPROCESSOR_DEFINITIONS = (
					"DEBUG=1",
					"$(inherited)",
				);
				GCC_WARN_64_TO_32_BIT_CONVERSION = YES;
				GCC_WARN_ABOUT_RETURN_TYPE = YES_ERROR;
				GCC_WARN_UNDECLARED_SELECTOR = YES;
				GCC_WARN_UNINITIALIZED_AUTOS = YES_AGGRESSIVE;
				GCC_WARN_UNUSED_FUNCTION = YES;
				GCC_WARN_UNUSED_VARIABLE = YES;
				MACOSX_DEPLOYMENT_TARGET = 13.3;
				MTL_ENABLE_DEBUG_INFO = INCLUDE_SOURCE;
				MTL_FAST_MATH = YES;
				ONLY_ACTIVE_ARCH = YES;
				SDKROOT = macosx;
				SWIFT_ACTIVE_COMPILATION_CONDITIONS = DEBUG;
				SWIFT_OPTIMIZATION_LEVEL = "-Onone";
			};
			name = Debug;
		};
		C28487552A79526800210E68 /* Release */ = {
			isa = XCBuildConfiguration;
			buildSettings = {
				ALWAYS_SEARCH_USER_PATHS = NO;
				CLANG_ANALYZER_NONNULL = YES;
				CLANG_ANALYZER_NUMBER_OBJECT_CONVERSION = YES_AGGRESSIVE;
				CLANG_CXX_LANGUAGE_STANDARD = "gnu++20";
				CLANG_ENABLE_MODULES = YES;
				CLANG_ENABLE_OBJC_ARC = YES;
				CLANG_ENABLE_OBJC_WEAK = YES;
				CLANG_WARN_BLOCK_CAPTURE_AUTORELEASING = YES;
				CLANG_WARN_BOOL_CONVERSION = YES;
				CLANG_WARN_COMMA = YES;
				CLANG_WARN_CONSTANT_CONVERSION = YES;
				CLANG_WARN_DEPRECATED_OBJC_IMPLEMENTATIONS = YES;
				CLANG_WARN_DIRECT_OBJC_ISA_USAGE = YES_ERROR;
				CLANG_WARN_DOCUMENTATION_COMMENTS = YES;
				CLANG_WARN_EMPTY_BODY = YES;
				CLANG_WARN_ENUM_CONVERSION = YES;
				CLANG_WARN_INFINITE_RECURSION = YES;
				CLANG_WARN_INT_CONVERSION = YES;
				CLANG_WARN_NON_LITERAL_NULL_CONVERSION = YES;
				CLANG_WARN_OBJC_IMPLICIT_RETAIN_SELF = YES;
				CLANG_WARN_OBJC_LITERAL_CONVERSION = YES;
				CLANG_WARN_OBJC_ROOT_CLASS = YES_ERROR;
				CLANG_WARN_QUOTED_INCLUDE_IN_FRAMEWORK_HEADER = YES;
				CLANG_WARN_RANGE_LOOP_ANALYSIS = YES;
				CLANG_WARN_STRICT_PROTOTYPES = YES;
				CLANG_WARN_SUSPICIOUS_MOVE = YES;
				CLANG_WARN_UNGUARDED_AVAILABILITY = YES_AGGRESSIVE;
				CLANG_WARN_UNREACHABLE_CODE = YES;
				CLANG_WARN__DUPLICATE_METHOD_MATCH = YES;
				COPY_PHASE_STRIP = NO;
				DEBUG_INFORMATION_FORMAT = "dwarf-with-dsym";
				ENABLE_NS_ASSERTIONS = NO;
				ENABLE_STRICT_OBJC_MSGSEND = YES;
				GCC_C_LANGUAGE_STANDARD = gnu11;
				GCC_NO_COMMON_BLOCKS = YES;
				GCC_WARN_64_TO_32_BIT_CONVERSION = YES;
				GCC_WARN_ABOUT_RETURN_TYPE = YES_ERROR;
				GCC_WARN_UNDECLARED_SELECTOR = YES;
				GCC_WARN_UNINITIALIZED_AUTOS = YES_AGGRESSIVE;
				GCC_WARN_UNUSED_FUNCTION = YES;
				GCC_WARN_UNUSED_VARIABLE = YES;
				MACOSX_DEPLOYMENT_TARGET = 13.3;
				MTL_ENABLE_DEBUG_INFO = NO;
				MTL_FAST_MATH = YES;
				SDKROOT = macosx;
				SWIFT_COMPILATION_MODE = wholemodule;
				SWIFT_OPTIMIZATION_LEVEL = "-O";
			};
			name = Release;
		};
		C28487572A79526800210E68 /* Debug */ = {
			isa = XCBuildConfiguration;
			buildSettings = {
				ASSETCATALOG_COMPILER_APPICON_NAME = AppIcon;
				ASSETCATALOG_COMPILER_GLOBAL_ACCENT_COLOR_NAME = AccentColor;
				CODE_SIGN_ENTITLEMENTS = SwiftUIViewLauncher/SwiftUIViewLauncher.entitlements;
				CODE_SIGN_STYLE = Automatic;
				COMBINE_HIDPI_IMAGES = YES;
				CURRENT_PROJECT_VERSION = 1;
				DEVELOPMENT_TEAM = 85N3S3DG8M;
				ENABLE_HARDENED_RUNTIME = YES;
				GENERATE_INFOPLIST_FILE = YES;
				INFOPLIST_KEY_NSHumanReadableCopyright = "";
				INFOPLIST_KEY_NSMainStoryboardFile = Main;
				INFOPLIST_KEY_NSPrincipalClass = NSApplication;
				LD_RUNPATH_SEARCH_PATHS = (
					"$(inherited)",
					"@executable_path/../Frameworks",
				);
				MACOSX_DEPLOYMENT_TARGET = 11.0;
				MARKETING_VERSION = 1.0;
				PRODUCT_BUNDLE_IDENTIFIER = ca.justinbush.SwiftUIViewLauncher;
				PRODUCT_NAME = "$(TARGET_NAME)";
				SWIFT_EMIT_LOC_STRINGS = YES;
				SWIFT_VERSION = 5.0;
			};
			name = Debug;
		};
		C28487582A79526800210E68 /* Release */ = {
			isa = XCBuildConfiguration;
			buildSettings = {
				ASSETCATALOG_COMPILER_APPICON_NAME = AppIcon;
				ASSETCATALOG_COMPILER_GLOBAL_ACCENT_COLOR_NAME = AccentColor;
				CODE_SIGN_ENTITLEMENTS = SwiftUIViewLauncher/SwiftUIViewLauncher.entitlements;
				CODE_SIGN_STYLE = Automatic;
				COMBINE_HIDPI_IMAGES = YES;
				CURRENT_PROJECT_VERSION = 1;
				DEVELOPMENT_TEAM = 85N3S3DG8M;
				ENABLE_HARDENED_RUNTIME = YES;
				GENERATE_INFOPLIST_FILE = YES;
				INFOPLIST_KEY_NSHumanReadableCopyright = "";
				INFOPLIST_KEY_NSMainStoryboardFile = Main;
				INFOPLIST_KEY_NSPrincipalClass = NSApplication;
				LD_RUNPATH_SEARCH_PATHS = (
					"$(inherited)",
					"@executable_path/../Frameworks",
				);
				MACOSX_DEPLOYMENT_TARGET = 11.0;
				MARKETING_VERSION = 1.0;
				PRODUCT_BUNDLE_IDENTIFIER = ca.justinbush.SwiftUIViewLauncher;
				PRODUCT_NAME = "$(TARGET_NAME)";
				SWIFT_EMIT_LOC_STRINGS = YES;
				SWIFT_VERSION = 5.0;
			};
			name = Release;
		};
/* End XCBuildConfiguration section */

/* Begin XCConfigurationList section */
		C28487422A79526600210E68 /* Build configuration list for PBXProject "SwiftUIViewLauncher" */ = {
			isa = XCConfigurationList;
			buildConfigurations = (
				C28487542A79526800210E68 /* Debug */,
				C28487552A79526800210E68 /* Release */,
			);
			defaultConfigurationIsVisible = 0;
			defaultConfigurationName = Release;
		};
		C28487562A79526800210E68 /* Build configuration list for PBXNativeTarget "SwiftUIViewLauncher" */ = {
			isa = XCConfigurationList;
			buildConfigurations = (
				C28487572A79526800210E68 /* Debug */,
				C28487582A79526800210E68 /* Release */,
			);
			defaultConfigurationIsVisible = 0;
			defaultConfigurationName = Release;
		};
/* End XCConfigurationList section */
	};
	rootObject = C284873F2A79526600210E68 /* Project object */;
}
